
Microsoft Visual Studio Solution File, Format Version 12.00
# Visual Studio Version 16
VisualStudioVersion = 16.0.28803.156
MinimumVisualStudioVersion = 10.0.40219.1
Project("{FAE04EC0-301F-11D3-BF4B-00C04F79EFBC}") = "HidriaVision", "HidriaVision\HidriaVision.csproj", "{12252E30-CB1E-4E66-9F0B-8FB6212B3813}"
	ProjectSection(ProjectDependencies) = postProject
		{81C7E202-BABB-4C67-98A2-7AA7A522D6C5} = {81C7E202-BABB-4C67-98A2-7AA7A522D6C5}
		{356A8626-5A7B-4917-BE2C-E3E9C4450EA5} = {356A8626-5A7B-4917-BE2C-E3E9C4450EA5}
		{44821140-A82B-4F7D-A265-687E9203C4C0} = {44821140-A82B-4F7D-A265-687E9203C4C0}
		{4E26FA7D-BCC9-4BC9-9F35-0C99B786F0B9} = {4E26FA7D-BCC9-4BC9-9F35-0C99B786F0B9}
		{784DD4B9-D248-4E47-A5E9-E0FE4653F689} = {784DD4B9-D248-4E47-A5E9-E0FE4653F689}
		{16913CC1-A42C-4A58-9694-E5C439EC9B99} = {16913CC1-A42C-4A58-9694-E5C439EC9B99}
		{331B83C4-0AE2-4CD2-A458-FAB7D3362F66} = {331B83C4-0AE2-4CD2-A458-FAB7D3362F66}
		{1D8EA0D4-D4EB-413A-A63E-A85DB873A9E0} = {1D8EA0D4-D4EB-413A-A63E-A85DB873A9E0}
		{6A54E7F1-651E-4F32-A046-32B2C40FF2C7} = {6A54E7F1-651E-4F32-A046-32B2C40FF2C7}
		{9CD95FF3-6832-46E7-B3C0-CD3EEB98E948} = {9CD95FF3-6832-46E7-B3C0-CD3EEB98E948}
		{872829FA-4E97-4BFB-90B3-B5EA9A5F3333} = {872829FA-4E97-4BFB-90B3-B5EA9A5F3333}
	EndProjectSection
EndProject
Project("{FAE04EC0-301F-11D3-BF4B-00C04F79EFBC}") = "BaslerCamera", "BaslerCamera\BaslerCamera\BaslerCamera.csproj", "{81C7E202-BABB-4C67-98A2-7AA7A522D6C5}"
EndProject
Project("{2150E333-8FDC-42A3-9474-1A3956D46DE8}") = "Camera", "Camera", "{9FBA0737-8CE7-4BC7-A137-597599094E04}"
EndProject
Project("{2150E333-8FDC-42A3-9474-1A3956D46DE8}") = "Settings", "Settings", "{9098C10E-4073-40C7-9E9B-1DA288093B03}"
EndProject
Project("{2150E333-8FDC-42A3-9474-1A3956D46DE8}") = "User managment", "User managment", "{4E45D667-45A7-4007-9300-3B0649389FFD}"
EndProject
Project("{FAE04EC0-301F-11D3-BF4B-00C04F79EFBC}") = "UserManagment", "UserManagment\UserManagment\UserManagment.csproj", "{872829FA-4E97-4BFB-90B3-B5EA9A5F3333}"
EndProject
Project("{FAE04EC0-301F-11D3-BF4B-00C04F79EFBC}") = "ToolblockManager", "ToolblockManager\ToolblockManager.csproj", "{9CD95FF3-6832-46E7-B3C0-CD3EEB98E948}"
EndProject
Project("{2150E333-8FDC-42A3-9474-1A3956D46DE8}") = "Toolblock", "Toolblock", "{11398798-E54E-4FC4-A436-72D9E11224BE}"
EndProject
Project("{2150E333-8FDC-42A3-9474-1A3956D46DE8}") = "Logger", "Logger", "{89B3C311-A67D-43B3-B222-2C82D83F037E}"
EndProject
Project("{FAE04EC0-301F-11D3-BF4B-00C04F79EFBC}") = "ImageLogger", "Logger\ImageLogger\ImageLogger.csproj", "{6A54E7F1-651E-4F32-A046-32B2C40FF2C7}"
EndProject
Project("{FAE04EC0-301F-11D3-BF4B-00C04F79EFBC}") = "EventLogger", "Logger\Logger\EventLogger.csproj", "{4E26FA7D-BCC9-4BC9-9F35-0C99B786F0B9}"
EndProject
Project("{FAE04EC0-301F-11D3-BF4B-00C04F79EFBC}") = "LoggerCommon", "Logger\LoggerCommon\LoggerCommon.csproj", "{3520F561-4039-4CB9-98AD-576B42AED233}"
EndProject
Project("{FAE04EC0-301F-11D3-BF4B-00C04F79EFBC}") = "DataLogger", "Logger\ResultsLogger\DataLogger.csproj", "{16913CC1-A42C-4A58-9694-E5C439EC9B99}"
EndProject
Project("{2150E333-8FDC-42A3-9474-1A3956D46DE8}") = "Data logger", "Data logger", "{F84E6749-CA75-4516-9DBD-1B843F3F178D}"
EndProject
Project("{2150E333-8FDC-42A3-9474-1A3956D46DE8}") = "Image logger", "Image logger", "{492504F1-457A-47B6-958F-0861A469AB3E}"
EndProject
Project("{FAE04EC0-301F-11D3-BF4B-00C04F79EFBC}") = "RGBWController", "RGBWController\RGBWController\RGBWController.csproj", "{1D8EA0D4-D4EB-413A-A63E-A85DB873A9E0}"
EndProject
Project("{2150E333-8FDC-42A3-9474-1A3956D46DE8}") = "LedController", "LedController", "{4D1252DC-11C3-47B0-BC73-FC1BBDA31FCE}"
EndProject
Project("{2150E333-8FDC-42A3-9474-1A3956D46DE8}") = "Visual logger", "Visual logger", "{3147A67C-801F-4E0C-846C-57FD9F519DED}"
EndProject
Project("{FAE04EC0-301F-11D3-BF4B-00C04F79EFBC}") = "XMLSettings", "XMLSettings\XMLSettings\XMLSettings.csproj", "{784DD4B9-D248-4E47-A5E9-E0FE4653F689}"
EndProject
Project("{FAE04EC0-301F-11D3-BF4B-00C04F79EFBC}") = "VisualLogger", "HidriaVisionLog\HidriaVisionLog\VisualLogger.csproj", "{44821140-A82B-4F7D-A265-687E9203C4C0}"
EndProject
Project("{FAE04EC0-301F-11D3-BF4B-00C04F79EFBC}") = "Snap7Manager", "Snap7Manager\Snap7Manager.csproj", "{356A8626-5A7B-4917-BE2C-E3E9C4450EA5}"
EndProject
Project("{2150E333-8FDC-42A3-9474-1A3956D46DE8}") = "Snap7", "Snap7", "{481D43A7-7737-49F5-8719-398B168A654E}"
EndProject
Project("{2150E333-8FDC-42A3-9474-1A3956D46DE8}") = "ResultsView", "ResultsView", "{EBA20D21-6700-4893-9273-6382798B1EBE}"
EndProject
Project("{FAE04EC0-301F-11D3-BF4B-00C04F79EFBC}") = "ResultsView", "ResultsView\ResultsView\ResultsView.csproj", "{331B83C4-0AE2-4CD2-A458-FAB7D3362F66}"
EndProject
Global
	GlobalSection(SolutionConfigurationPlatforms) = preSolution
		Debug|Any CPU = Debug|Any CPU
		Release|Any CPU = Release|Any CPU
	EndGlobalSection
	GlobalSection(ProjectConfigurationPlatforms) = postSolution
		{12252E30-CB1E-4E66-9F0B-8FB6212B3813}.Debug|Any CPU.ActiveCfg = Debug|Any CPU
		{12252E30-CB1E-4E66-9F0B-8FB6212B3813}.Debug|Any CPU.Build.0 = Debug|Any CPU
		{12252E30-CB1E-4E66-9F0B-8FB6212B3813}.Release|Any CPU.ActiveCfg = Release|Any CPU
		{12252E30-CB1E-4E66-9F0B-8FB6212B3813}.Release|Any CPU.Build.0 = Release|Any CPU
		{81C7E202-BABB-4C67-98A2-7AA7A522D6C5}.Debug|Any CPU.ActiveCfg = Debug|Any CPU
		{81C7E202-BABB-4C67-98A2-7AA7A522D6C5}.Debug|Any CPU.Build.0 = Debug|Any CPU
		{81C7E202-BABB-4C67-98A2-7AA7A522D6C5}.Release|Any CPU.ActiveCfg = Release|Any CPU
		{81C7E202-BABB-4C67-98A2-7AA7A522D6C5}.Release|Any CPU.Build.0 = Release|Any CPU
		{872829FA-4E97-4BFB-90B3-B5EA9A5F3333}.Debug|Any CPU.ActiveCfg = Debug|Any CPU
		{872829FA-4E97-4BFB-90B3-B5EA9A5F3333}.Debug|Any CPU.Build.0 = Debug|Any CPU
		{872829FA-4E97-4BFB-90B3-B5EA9A5F3333}.Release|Any CPU.ActiveCfg = Release|Any CPU
		{872829FA-4E97-4BFB-90B3-B5EA9A5F3333}.Release|Any CPU.Build.0 = Release|Any CPU
		{9CD95FF3-6832-46E7-B3C0-CD3EEB98E948}.Debug|Any CPU.ActiveCfg = Debug|Any CPU
		{9CD95FF3-6832-46E7-B3C0-CD3EEB98E948}.Debug|Any CPU.Build.0 = Debug|Any CPU
		{9CD95FF3-6832-46E7-B3C0-CD3EEB98E948}.Release|Any CPU.ActiveCfg = Release|Any CPU
		{9CD95FF3-6832-46E7-B3C0-CD3EEB98E948}.Release|Any CPU.Build.0 = Release|Any CPU
		{6A54E7F1-651E-4F32-A046-32B2C40FF2C7}.Debug|Any CPU.ActiveCfg = Debug|Any CPU
		{6A54E7F1-651E-4F32-A046-32B2C40FF2C7}.Debug|Any CPU.Build.0 = Debug|Any CPU
		{6A54E7F1-651E-4F32-A046-32B2C40FF2C7}.Release|Any CPU.ActiveCfg = Release|Any CPU
		{6A54E7F1-651E-4F32-A046-32B2C40FF2C7}.Release|Any CPU.Build.0 = Release|Any CPU
		{4E26FA7D-BCC9-4BC9-9F35-0C99B786F0B9}.Debug|Any CPU.ActiveCfg = Debug|Any CPU
		{4E26FA7D-BCC9-4BC9-9F35-0C99B786F0B9}.Debug|Any CPU.Build.0 = Debug|Any CPU
		{4E26FA7D-BCC9-4BC9-9F35-0C99B786F0B9}.Release|Any CPU.ActiveCfg = Release|Any CPU
		{4E26FA7D-BCC9-4BC9-9F35-0C99B786F0B9}.Release|Any CPU.Build.0 = Release|Any CPU
		{3520F561-4039-4CB9-98AD-576B42AED233}.Debug|Any CPU.ActiveCfg = Debug|Any CPU
		{3520F561-4039-4CB9-98AD-576B42AED233}.Debug|Any CPU.Build.0 = Debug|Any CPU
		{3520F561-4039-4CB9-98AD-576B42AED233}.Release|Any CPU.ActiveCfg = Release|Any CPU
		{3520F561-4039-4CB9-98AD-576B42AED233}.Release|Any CPU.Build.0 = Release|Any CPU
		{16913CC1-A42C-4A58-9694-E5C439EC9B99}.Debug|Any CPU.ActiveCfg = Debug|Any CPU
		{16913CC1-A42C-4A58-9694-E5C439EC9B99}.Debug|Any CPU.Build.0 = Debug|Any CPU
		{16913CC1-A42C-4A58-9694-E5C439EC9B99}.Release|Any CPU.ActiveCfg = Release|Any CPU
		{16913CC1-A42C-4A58-9694-E5C439EC9B99}.Release|Any CPU.Build.0 = Release|Any CPU
		{1D8EA0D4-D4EB-413A-A63E-A85DB873A9E0}.Debug|Any CPU.ActiveCfg = Debug|Any CPU
		{1D8EA0D4-D4EB-413A-A63E-A85DB873A9E0}.Debug|Any CPU.Build.0 = Debug|Any CPU
		{1D8EA0D4-D4EB-413A-A63E-A85DB873A9E0}.Release|Any CPU.ActiveCfg = Release|Any CPU
		{1D8EA0D4-D4EB-413A-A63E-A85DB873A9E0}.Release|Any CPU.Build.0 = Release|Any CPU
		{784DD4B9-D248-4E47-A5E9-E0FE4653F689}.Debug|Any CPU.ActiveCfg = Debug|Any CPU
		{784DD4B9-D248-4E47-A5E9-E0FE4653F689}.Debug|Any CPU.Build.0 = Debug|Any CPU
		{784DD4B9-D248-4E47-A5E9-E0FE4653F689}.Release|Any CPU.ActiveCfg = Release|Any CPU
		{784DD4B9-D248-4E47-A5E9-E0FE4653F689}.Release|Any CPU.Build.0 = Release|Any CPU
		{44821140-A82B-4F7D-A265-687E9203C4C0}.Debug|Any CPU.ActiveCfg = Debug|Any CPU
		{44821140-A82B-4F7D-A265-687E9203C4C0}.Debug|Any CPU.Build.0 = Debug|Any CPU
		{44821140-A82B-4F7D-A265-687E9203C4C0}.Release|Any CPU.ActiveCfg = Release|Any CPU
		{44821140-A82B-4F7D-A265-687E9203C4C0}.Release|Any CPU.Build.0 = Release|Any CPU
		{356A8626-5A7B-4917-BE2C-E3E9C4450EA5}.Debug|Any CPU.ActiveCfg = Debug|Any CPU
		{356A8626-5A7B-4917-BE2C-E3E9C4450EA5}.Debug|Any CPU.Build.0 = Debug|Any CPU
		{356A8626-5A7B-4917-BE2C-E3E9C4450EA5}.Release|Any CPU.ActiveCfg = Release|Any CPU
		{356A8626-5A7B-4917-BE2C-E3E9C4450EA5}.Release|Any CPU.Build.0 = Release|Any CPU
		{331B83C4-0AE2-4CD2-A458-FAB7D3362F66}.Debug|Any CPU.ActiveCfg = Debug|Any CPU
		{331B83C4-0AE2-4CD2-A458-FAB7D3362F66}.Debug|Any CPU.Build.0 = Debug|Any CPU
		{331B83C4-0AE2-4CD2-A458-FAB7D3362F66}.Release|Any CPU.ActiveCfg = Release|Any CPU
		{331B83C4-0AE2-4CD2-A458-FAB7D3362F66}.Release|Any CPU.Build.0 = Release|Any CPU
	EndGlobalSection
	GlobalSection(SolutionProperties) = preSolution
		HideSolutionNode = FALSE
	EndGlobalSection
	GlobalSection(NestedProjects) = preSolution
		{81C7E202-BABB-4C67-98A2-7AA7A522D6C5} = {9FBA0737-8CE7-4BC7-A137-597599094E04}
		{872829FA-4E97-4BFB-90B3-B5EA9A5F3333} = {4E45D667-45A7-4007-9300-3B0649389FFD}
		{9CD95FF3-6832-46E7-B3C0-CD3EEB98E948} = {11398798-E54E-4FC4-A436-72D9E11224BE}
		{6A54E7F1-651E-4F32-A046-32B2C40FF2C7} = {492504F1-457A-47B6-958F-0861A469AB3E}
		{4E26FA7D-BCC9-4BC9-9F35-0C99B786F0B9} = {F84E6749-CA75-4516-9DBD-1B843F3F178D}
		{3520F561-4039-4CB9-98AD-576B42AED233} = {F84E6749-CA75-4516-9DBD-1B843F3F178D}
		{16913CC1-A42C-4A58-9694-E5C439EC9B99} = {F84E6749-CA75-4516-9DBD-1B843F3F178D}
		{F84E6749-CA75-4516-9DBD-1B843F3F178D} = {89B3C311-A67D-43B3-B222-2C82D83F037E}
		{492504F1-457A-47B6-958F-0861A469AB3E} = {89B3C311-A67D-43B3-B222-2C82D83F037E}
		{1D8EA0D4-D4EB-413A-A63E-A85DB873A9E0} = {4D1252DC-11C3-47B0-BC73-FC1BBDA31FCE}
		{3147A67C-801F-4E0C-846C-57FD9F519DED} = {89B3C311-A67D-43B3-B222-2C82D83F037E}
		{784DD4B9-D248-4E47-A5E9-E0FE4653F689} = {9098C10E-4073-40C7-9E9B-1DA288093B03}
		{44821140-A82B-4F7D-A265-687E9203C4C0} = {3147A67C-801F-4E0C-846C-57FD9F519DED}
		{356A8626-5A7B-4917-BE2C-E3E9C4450EA5} = {481D43A7-7737-49F5-8719-398B168A654E}
		{331B83C4-0AE2-4CD2-A458-FAB7D3362F66} = {EBA20D21-6700-4893-9273-6382798B1EBE}
	EndGlobalSection
	GlobalSection(ExtensibilityGlobals) = postSolution
		SolutionGuid = {6FC70E27-C9DB-4D7E-9428-02498F55A2F2}
	EndGlobalSection
EndGlobal
