
Microsoft Visual Studio Solution File, Format Version 12.00
# Visual Studio 15
VisualStudioVersion = 15.0.28307.136
MinimumVisualStudioVersion = 10.0.40219.1
Project("{FAE04EC0-301F-11D3-BF4B-00C04F79EFBC}") = "ITW_Database_Viewer", "ITW_Database_Viewer\ITW_Database_Viewer.csproj", "{C2DF1FFB-DAEE-402E-B128-3273179C5655}"
EndProject
Global
	GlobalSection(SolutionConfigurationPlatforms) = preSolution
		Debug|Any CPU = Debug|Any CPU
		Release|Any CPU = Release|Any CPU
	EndGlobalSection
	GlobalSection(ProjectConfigurationPlatforms) = postSolution
		{C2DF1FFB-DAEE-402E-B128-3273179C5655}.Debug|Any CPU.ActiveCfg = Debug|Any CPU
		{C2DF1FFB-DAEE-402E-B128-3273179C5655}.Debug|Any CPU.Build.0 = Debug|Any CPU
		{C2DF1FFB-DAEE-402E-B128-3273179C5655}.Release|Any CPU.ActiveCfg = Release|Any CPU
		{C2DF1FFB-DAEE-402E-B128-3273179C5655}.Release|Any CPU.Build.0 = Release|Any CPU
	EndGlobalSection
	GlobalSection(SolutionProperties) = preSolution
		HideSolutionNode = FALSE
	EndGlobalSection
	GlobalSection(ExtensibilityGlobals) = postSolution
		SolutionGuid = {7F2D298A-283A-44FB-8BEC-EF6249817347}
	EndGlobalSection
EndGlobal
